// !$*UTF8*$!
{
	archiveVersion = 1;
	classes = {
	};
	objectVersion = 55;
	objects = {

/* Begin PBXBuildFile section */
		5A522F7D284BF21600A41438 /* TempoSDK.h in Headers */ = {isa = PBXBuildFile; fileRef = 5A522F7C284BF21600A41438 /* TempoSDK.h */; settings = {ATTRIBUTES = (Public, ); }; };
		5A522F86284BF6E200A41438 /* TempoInterstitialView.swift in Sources */ = {isa = PBXBuildFile; fileRef = 5A522F84284BF6E200A41438 /* TempoInterstitialView.swift */; };
		5A522F87284BF6E200A41438 /* TempoInterstitial.swift in Sources */ = {isa = PBXBuildFile; fileRef = 5A522F85284BF6E200A41438 /* TempoInterstitial.swift */; };
		5A522F8A284BF7F900A41438 /* Foundation.framework in Frameworks */ = {isa = PBXBuildFile; fileRef = 5A522F89284BF7F900A41438 /* Foundation.framework */; };
		5A522F8C284BF80600A41438 /* UIKit.framework in Frameworks */ = {isa = PBXBuildFile; fileRef = 5A522F8B284BF80600A41438 /* UIKit.framework */; };
		5A522F90284BF99900A41438 /* TempoInterstitialDelegate.swift in Sources */ = {isa = PBXBuildFile; fileRef = 5A522F8F284BF99900A41438 /* TempoInterstitialDelegate.swift */; };
		5A950425284FE7100024D52E /* form.html in Resources */ = {isa = PBXBuildFile; fileRef = 5A950424284FE7100024D52E /* form.html */; };
		9D9DE2AD72F078EE8227CC0B /* Pods_TempoSDK.framework in Frameworks */ = {isa = PBXBuildFile; fileRef = C4AD77EE1BB898EA1EE1C879 /* Pods_TempoSDK.framework */; };
/* End PBXBuildFile section */

/* Begin PBXFileReference section */
		321FF9B4F00CDD69E88D169E /* Pods-TempoSDK.release.xcconfig */ = {isa = PBXFileReference; includeInIndex = 1; lastKnownFileType = text.xcconfig; name = "Pods-TempoSDK.release.xcconfig"; path = "Target Support Files/Pods-TempoSDK/Pods-TempoSDK.release.xcconfig"; sourceTree = "<group>"; };
		5A522F79284BF21600A41438 /* TempoSDK.framework */ = {isa = PBXFileReference; explicitFileType = wrapper.framework; includeInIndex = 0; path = TempoSDK.framework; sourceTree = BUILT_PRODUCTS_DIR; };
		5A522F7C284BF21600A41438 /* TempoSDK.h */ = {isa = PBXFileReference; lastKnownFileType = sourcecode.c.h; path = TempoSDK.h; sourceTree = "<group>"; };
		5A522F84284BF6E200A41438 /* TempoInterstitialView.swift */ = {isa = PBXFileReference; fileEncoding = 4; lastKnownFileType = sourcecode.swift; path = TempoInterstitialView.swift; sourceTree = "<group>"; };
		5A522F85284BF6E200A41438 /* TempoInterstitial.swift */ = {isa = PBXFileReference; fileEncoding = 4; lastKnownFileType = sourcecode.swift; path = TempoInterstitial.swift; sourceTree = "<group>"; };
		5A522F89284BF7F900A41438 /* Foundation.framework */ = {isa = PBXFileReference; lastKnownFileType = wrapper.framework; name = Foundation.framework; path = System/Library/Frameworks/Foundation.framework; sourceTree = SDKROOT; };
		5A522F8B284BF80600A41438 /* UIKit.framework */ = {isa = PBXFileReference; lastKnownFileType = wrapper.framework; name = UIKit.framework; path = System/Library/Frameworks/UIKit.framework; sourceTree = SDKROOT; };
		5A522F8F284BF99900A41438 /* TempoInterstitialDelegate.swift */ = {isa = PBXFileReference; fileEncoding = 4; lastKnownFileType = sourcecode.swift; path = TempoInterstitialDelegate.swift; sourceTree = "<group>"; };
		5A950424284FE7100024D52E /* form.html */ = {isa = PBXFileReference; fileEncoding = 4; lastKnownFileType = text.html; name = form.html; path = "../../../Explore-WKScriptMessageHandler/ExploreWKScriptMessageHandler/form.html"; sourceTree = "<group>"; };
		83C05678573B8ACD4080DAE3 /* Pods-TempoSDK.debug.xcconfig */ = {isa = PBXFileReference; includeInIndex = 1; lastKnownFileType = text.xcconfig; name = "Pods-TempoSDK.debug.xcconfig"; path = "Target Support Files/Pods-TempoSDK/Pods-TempoSDK.debug.xcconfig"; sourceTree = "<group>"; };
		C4AD77EE1BB898EA1EE1C879 /* Pods_TempoSDK.framework */ = {isa = PBXFileReference; explicitFileType = wrapper.framework; includeInIndex = 0; path = Pods_TempoSDK.framework; sourceTree = BUILT_PRODUCTS_DIR; };
/* End PBXFileReference section */

/* Begin PBXFrameworksBuildPhase section */
		5A522F76284BF21600A41438 /* Frameworks */ = {
			isa = PBXFrameworksBuildPhase;
			buildActionMask = 2147483647;
			files = (
				5A522F8A284BF7F900A41438 /* Foundation.framework in Frameworks */,
				5A522F8C284BF80600A41438 /* UIKit.framework in Frameworks */,
				9D9DE2AD72F078EE8227CC0B /* Pods_TempoSDK.framework in Frameworks */,
			);
			runOnlyForDeploymentPostprocessing = 0;
		};
/* End PBXFrameworksBuildPhase section */

/* Begin PBXGroup section */
		3F57A0FA7C3C3BFB1B5839B7 /* Pods */ = {
			isa = PBXGroup;
			children = (
				83C05678573B8ACD4080DAE3 /* Pods-TempoSDK.debug.xcconfig */,
				321FF9B4F00CDD69E88D169E /* Pods-TempoSDK.release.xcconfig */,
			);
			name = Pods;
			path = Pods;
			sourceTree = "<group>";
		};
		5A522F6F284BF21600A41438 = {
			isa = PBXGroup;
			children = (
				5A522F7B284BF21600A41438 /* TempoSDK */,
				5A522F7A284BF21600A41438 /* Products */,
				5A522F88284BF7F900A41438 /* Frameworks */,
				3F57A0FA7C3C3BFB1B5839B7 /* Pods */,
			);
			sourceTree = "<group>";
		};
		5A522F7A284BF21600A41438 /* Products */ = {
			isa = PBXGroup;
			children = (
				5A522F79284BF21600A41438 /* TempoSDK.framework */,
			);
			name = Products;
			sourceTree = "<group>";
		};
		5A522F7B284BF21600A41438 /* TempoSDK */ = {
			isa = PBXGroup;
			children = (
				5A950424284FE7100024D52E /* form.html */,
				5A522F8F284BF99900A41438 /* TempoInterstitialDelegate.swift */,
				5A522F85284BF6E200A41438 /* TempoInterstitial.swift */,
				5A522F84284BF6E200A41438 /* TempoInterstitialView.swift */,
				5A522F7C284BF21600A41438 /* TempoSDK.h */,
			);
			path = TempoSDK;
			sourceTree = "<group>";
		};
		5A522F88284BF7F900A41438 /* Frameworks */ = {
			isa = PBXGroup;
			children = (
				5A522F8B284BF80600A41438 /* UIKit.framework */,
				5A522F89284BF7F900A41438 /* Foundation.framework */,
				C4AD77EE1BB898EA1EE1C879 /* Pods_TempoSDK.framework */,
			);
			name = Frameworks;
			sourceTree = "<group>";
		};
/* End PBXGroup section */

/* Begin PBXHeadersBuildPhase section */
		5A522F74284BF21600A41438 /* Headers */ = {
			isa = PBXHeadersBuildPhase;
			buildActionMask = 2147483647;
			files = (
				5A522F7D284BF21600A41438 /* TempoSDK.h in Headers */,
			);
			runOnlyForDeploymentPostprocessing = 0;
		};
/* End PBXHeadersBuildPhase section */

/* Begin PBXNativeTarget section */
		5A522F78284BF21600A41438 /* TempoSDK */ = {
			isa = PBXNativeTarget;
			buildConfigurationList = 5A522F80284BF21600A41438 /* Build configuration list for PBXNativeTarget "TempoSDK" */;
			buildPhases = (
				E751DA6DB62915CF1A43D256 /* [CP] Check Pods Manifest.lock */,
				5A522F74284BF21600A41438 /* Headers */,
				5A522F75284BF21600A41438 /* Sources */,
				5A522F76284BF21600A41438 /* Frameworks */,
				5A522F77284BF21600A41438 /* Resources */,
			);
			buildRules = (
			);
			dependencies = (
			);
			name = TempoSDK;
			productName = TempoSDK;
			productReference = 5A522F79284BF21600A41438 /* TempoSDK.framework */;
			productType = "com.apple.product-type.framework";
		};
/* End PBXNativeTarget section */

/* Begin PBXProject section */
		5A522F70284BF21600A41438 /* Project object */ = {
			isa = PBXProject;
			attributes = {
				BuildIndependentTargetsInParallel = 1;
				LastUpgradeCheck = 1340;
				TargetAttributes = {
					5A522F78284BF21600A41438 = {
						CreatedOnToolsVersion = 13.4;
						LastSwiftMigration = 1340;
					};
				};
			};
			buildConfigurationList = 5A522F73284BF21600A41438 /* Build configuration list for PBXProject "TempoSDK" */;
			compatibilityVersion = "Xcode 13.0";
			developmentRegion = en;
			hasScannedForEncodings = 0;
			knownRegions = (
				en,
				Base,
			);
			mainGroup = 5A522F6F284BF21600A41438;
			productRefGroup = 5A522F7A284BF21600A41438 /* Products */;
			projectDirPath = "";
			projectRoot = "";
			targets = (
				5A522F78284BF21600A41438 /* TempoSDK */,
			);
		};
/* End PBXProject section */

/* Begin PBXResourcesBuildPhase section */
		5A522F77284BF21600A41438 /* Resources */ = {
			isa = PBXResourcesBuildPhase;
			buildActionMask = 2147483647;
			files = (
				5A950425284FE7100024D52E /* form.html in Resources */,
			);
			runOnlyForDeploymentPostprocessing = 0;
		};
/* End PBXResourcesBuildPhase section */

/* Begin PBXShellScriptBuildPhase section */
		E751DA6DB62915CF1A43D256 /* [CP] Check Pods Manifest.lock */ = {
			isa = PBXShellScriptBuildPhase;
			buildActionMask = 2147483647;
			files = (
			);
			inputFileListPaths = (
			);
			inputPaths = (
				"${PODS_PODFILE_DIR_PATH}/Podfile.lock",
				"${PODS_ROOT}/Manifest.lock",
			);
			name = "[CP] Check Pods Manifest.lock";
			outputFileListPaths = (
			);
			outputPaths = (
				"$(DERIVED_FILE_DIR)/Pods-TempoSDK-checkManifestLockResult.txt",
			);
			runOnlyForDeploymentPostprocessing = 0;
			shellPath = /bin/sh;
			shellScript = "diff \"${PODS_PODFILE_DIR_PATH}/Podfile.lock\" \"${PODS_ROOT}/Manifest.lock\" > /dev/null\nif [ $? != 0 ] ; then\n    # print error to STDERR\n    echo \"error: The sandbox is not in sync with the Podfile.lock. Run 'pod install' or update your CocoaPods installation.\" >&2\n    exit 1\nfi\n# This output is used by Xcode 'outputs' to avoid re-running this script phase.\necho \"SUCCESS\" > \"${SCRIPT_OUTPUT_FILE_0}\"\n";
			showEnvVarsInLog = 0;
		};
/* End PBXShellScriptBuildPhase section */

/* Begin PBXSourcesBuildPhase section */
		5A522F75284BF21600A41438 /* Sources */ = {
			isa = PBXSourcesBuildPhase;
			buildActionMask = 2147483647;
			files = (
				5A522F90284BF99900A41438 /* TempoInterstitialDelegate.swift in Sources */,
				5A522F87284BF6E200A41438 /* TempoInterstitial.swift in Sources */,
				5A522F86284BF6E200A41438 /* TempoInterstitialView.swift in Sources */,
			);
			runOnlyForDeploymentPostprocessing = 0;
		};
/* End PBXSourcesBuildPhase section */

/* Begin XCBuildConfiguration section */
		5A522F7E284BF21600A41438 /* Debug */ = {
			isa = XCBuildConfiguration;
			buildSettings = {
				ALWAYS_SEARCH_USER_PATHS = NO;
				CLANG_ANALYZER_NONNULL = YES;
				CLANG_ANALYZER_NUMBER_OBJECT_CONVERSION = YES_AGGRESSIVE;
				CLANG_CXX_LANGUAGE_STANDARD = "gnu++17";
				CLANG_ENABLE_MODULES = YES;
				CLANG_ENABLE_OBJC_ARC = YES;
				CLANG_ENABLE_OBJC_WEAK = YES;
				CLANG_WARN_BLOCK_CAPTURE_AUTORELEASING = YES;
				CLANG_WARN_BOOL_CONVERSION = YES;
				CLANG_WARN_COMMA = YES;
				CLANG_WARN_CONSTANT_CONVERSION = YES;
				CLANG_WARN_DEPRECATED_OBJC_IMPLEMENTATIONS = YES;
				CLANG_WARN_DIRECT_OBJC_ISA_USAGE = YES_ERROR;
				CLANG_WARN_DOCUMENTATION_COMMENTS = YES;
				CLANG_WARN_EMPTY_BODY = YES;
				CLANG_WARN_ENUM_CONVERSION = YES;
				CLANG_WARN_INFINITE_RECURSION = YES;
				CLANG_WARN_INT_CONVERSION = YES;
				CLANG_WARN_NON_LITERAL_NULL_CONVERSION = YES;
				CLANG_WARN_OBJC_IMPLICIT_RETAIN_SELF = YES;
				CLANG_WARN_OBJC_LITERAL_CONVERSION = YES;
				CLANG_WARN_OBJC_ROOT_CLASS = YES_ERROR;
				CLANG_WARN_QUOTED_INCLUDE_IN_FRAMEWORK_HEADER = YES;
				CLANG_WARN_RANGE_LOOP_ANALYSIS = YES;
				CLANG_WARN_STRICT_PROTOTYPES = YES;
				CLANG_WARN_SUSPICIOUS_MOVE = YES;
				CLANG_WARN_UNGUARDED_AVAILABILITY = YES_AGGRESSIVE;
				CLANG_WARN_UNREACHABLE_CODE = YES;
				CLANG_WARN__DUPLICATE_METHOD_MATCH = YES;
				COPY_PHASE_STRIP = NO;
				CURRENT_PROJECT_VERSION = 1;
				DEBUG_INFORMATION_FORMAT = dwarf;
				ENABLE_STRICT_OBJC_MSGSEND = YES;
				ENABLE_TESTABILITY = YES;
				GCC_C_LANGUAGE_STANDARD = gnu11;
				GCC_DYNAMIC_NO_PIC = NO;
				GCC_NO_COMMON_BLOCKS = YES;
				GCC_OPTIMIZATION_LEVEL = 0;
				GCC_PREPROCESSOR_DEFINITIONS = (
					"DEBUG=1",
					"$(inherited)",
				);
				GCC_WARN_64_TO_32_BIT_CONVERSION = YES;
				GCC_WARN_ABOUT_RETURN_TYPE = YES_ERROR;
				GCC_WARN_UNDECLARED_SELECTOR = YES;
				GCC_WARN_UNINITIALIZED_AUTOS = YES_AGGRESSIVE;
				GCC_WARN_UNUSED_FUNCTION = YES;
				GCC_WARN_UNUSED_VARIABLE = YES;
				IPHONEOS_DEPLOYMENT_TARGET = 13.0;
				MTL_ENABLE_DEBUG_INFO = INCLUDE_SOURCE;
				MTL_FAST_MATH = YES;
				ONLY_ACTIVE_ARCH = YES;
				SDKROOT = iphoneos;
				SWIFT_ACTIVE_COMPILATION_CONDITIONS = DEBUG;
				SWIFT_OPTIMIZATION_LEVEL = "-Onone";
				VERSIONING_SYSTEM = "apple-generic";
				VERSION_INFO_PREFIX = "";
			};
			name = Debug;
		};
		5A522F7F284BF21600A41438 /* Release */ = {
			isa = XCBuildConfiguration;
			buildSettings = {
				ALWAYS_SEARCH_USER_PATHS = NO;
				CLANG_ANALYZER_NONNULL = YES;
				CLANG_ANALYZER_NUMBER_OBJECT_CONVERSION = YES_AGGRESSIVE;
				CLANG_CXX_LANGUAGE_STANDARD = "gnu++17";
				CLANG_ENABLE_MODULES = YES;
				CLANG_ENABLE_OBJC_ARC = YES;
				CLANG_ENABLE_OBJC_WEAK = YES;
				CLANG_WARN_BLOCK_CAPTURE_AUTORELEASING = YES;
				CLANG_WARN_BOOL_CONVERSION = YES;
				CLANG_WARN_COMMA = YES;
				CLANG_WARN_CONSTANT_CONVERSION = YES;
				CLANG_WARN_DEPRECATED_OBJC_IMPLEMENTATIONS = YES;
				CLANG_WARN_DIRECT_OBJC_ISA_USAGE = YES_ERROR;
				CLANG_WARN_DOCUMENTATION_COMMENTS = YES;
				CLANG_WARN_EMPTY_BODY = YES;
				CLANG_WARN_ENUM_CONVERSION = YES;
				CLANG_WARN_INFINITE_RECURSION = YES;
				CLANG_WARN_INT_CONVERSION = YES;
				CLANG_WARN_NON_LITERAL_NULL_CONVERSION = YES;
				CLANG_WARN_OBJC_IMPLICIT_RETAIN_SELF = YES;
				CLANG_WARN_OBJC_LITERAL_CONVERSION = YES;
				CLANG_WARN_OBJC_ROOT_CLASS = YES_ERROR;
				CLANG_WARN_QUOTED_INCLUDE_IN_FRAMEWORK_HEADER = YES;
				CLANG_WARN_RANGE_LOOP_ANALYSIS = YES;
				CLANG_WARN_STRICT_PROTOTYPES = YES;
				CLANG_WARN_SUSPICIOUS_MOVE = YES;
				CLANG_WARN_UNGUARDED_AVAILABILITY = YES_AGGRESSIVE;
				CLANG_WARN_UNREACHABLE_CODE = YES;
				CLANG_WARN__DUPLICATE_METHOD_MATCH = YES;
				COPY_PHASE_STRIP = NO;
				CURRENT_PROJECT_VERSION = 1;
				DEBUG_INFORMATION_FORMAT = "dwarf-with-dsym";
				ENABLE_NS_ASSERTIONS = NO;
				ENABLE_STRICT_OBJC_MSGSEND = YES;
				GCC_C_LANGUAGE_STANDARD = gnu11;
				GCC_NO_COMMON_BLOCKS = YES;
				GCC_WARN_64_TO_32_BIT_CONVERSION = YES;
				GCC_WARN_ABOUT_RETURN_TYPE = YES_ERROR;
				GCC_WARN_UNDECLARED_SELECTOR = YES;
				GCC_WARN_UNINITIALIZED_AUTOS = YES_AGGRESSIVE;
				GCC_WARN_UNUSED_FUNCTION = YES;
				GCC_WARN_UNUSED_VARIABLE = YES;
				IPHONEOS_DEPLOYMENT_TARGET = 13.0;
				MTL_ENABLE_DEBUG_INFO = NO;
				MTL_FAST_MATH = YES;
				SDKROOT = iphoneos;
				SWIFT_COMPILATION_MODE = wholemodule;
				SWIFT_OPTIMIZATION_LEVEL = "-O";
				VALIDATE_PRODUCT = YES;
				VERSIONING_SYSTEM = "apple-generic";
				VERSION_INFO_PREFIX = "";
			};
			name = Release;
		};
		5A522F81284BF21600A41438 /* Debug */ = {
			isa = XCBuildConfiguration;
			baseConfigurationReference = 83C05678573B8ACD4080DAE3 /* Pods-TempoSDK.debug.xcconfig */;
			buildSettings = {
				CLANG_ENABLE_MODULES = YES;
				CODE_SIGN_STYLE = Automatic;
				CURRENT_PROJECT_VERSION = 1;
				DEFINES_MODULE = YES;
				DEVELOPMENT_TEAM = RSLHGCJKW3;
				DYLIB_COMPATIBILITY_VERSION = 1;
				DYLIB_CURRENT_VERSION = 1;
				DYLIB_INSTALL_NAME_BASE = "@rpath";
				GENERATE_INFOPLIST_FILE = YES;
				INFOPLIST_KEY_NSHumanReadableCopyright = "";
				INSTALL_PATH = "$(LOCAL_LIBRARY_DIR)/Frameworks";
				IPHONEOS_DEPLOYMENT_TARGET = 13.0;
				LD_RUNPATH_SEARCH_PATHS = (
					"$(inherited)",
					"@executable_path/Frameworks",
					"@loader_path/Frameworks",
				);
				MARKETING_VERSION = 1.0;
				PRODUCT_BUNDLE_IDENTIFIER = com.tempoplatform.TempoSDK;
				PRODUCT_NAME = "$(TARGET_NAME:c99extidentifier)";
				SKIP_INSTALL = YES;
				SUPPORTS_MACCATALYST = NO;
				SWIFT_EMIT_LOC_STRINGS = YES;
				SWIFT_OPTIMIZATION_LEVEL = "-Onone";
				SWIFT_VERSION = 5.0;
				TARGETED_DEVICE_FAMILY = 1;
			};
			name = Debug;
		};
		5A522F82284BF21600A41438 /* Release */ = {
			isa = XCBuildConfiguration;
			baseConfigurationReference = 321FF9B4F00CDD69E88D169E /* Pods-TempoSDK.release.xcconfig */;
			buildSettings = {
				CLANG_ENABLE_MODULES = YES;
				CODE_SIGN_STYLE = Automatic;
				CURRENT_PROJECT_VERSION = 1;
				DEFINES_MODULE = YES;
				DEVELOPMENT_TEAM = RSLHGCJKW3;
				DYLIB_COMPATIBILITY_VERSION = 1;
				DYLIB_CURRENT_VERSION = 1;
				DYLIB_INSTALL_NAME_BASE = "@rpath";
				GENERATE_INFOPLIST_FILE = YES;
				INFOPLIST_KEY_NSHumanReadableCopyright = "";
				INSTALL_PATH = "$(LOCAL_LIBRARY_DIR)/Frameworks";
				IPHONEOS_DEPLOYMENT_TARGET = 13.0;
				LD_RUNPATH_SEARCH_PATHS = (
					"$(inherited)",
					"@executable_path/Frameworks",
					"@loader_path/Frameworks",
				);
				MARKETING_VERSION = 1.0;
				PRODUCT_BUNDLE_IDENTIFIER = com.tempoplatform.TempoSDK;
				PRODUCT_NAME = "$(TARGET_NAME:c99extidentifier)";
				SKIP_INSTALL = YES;
				SUPPORTS_MACCATALYST = NO;
				SWIFT_EMIT_LOC_STRINGS = YES;
				SWIFT_VERSION = 5.0;
				TARGETED_DEVICE_FAMILY = 1;
			};
			name = Release;
		};
/* End XCBuildConfiguration section */

/* Begin XCConfigurationList section */
		5A522F73284BF21600A41438 /* Build configuration list for PBXProject "TempoSDK" */ = {
			isa = XCConfigurationList;
			buildConfigurations = (
				5A522F7E284BF21600A41438 /* Debug */,
				5A522F7F284BF21600A41438 /* Release */,
			);
			defaultConfigurationIsVisible = 0;
			defaultConfigurationName = Release;
		};
		5A522F80284BF21600A41438 /* Build configuration list for PBXNativeTarget "TempoSDK" */ = {
			isa = XCConfigurationList;
			buildConfigurations = (
				5A522F81284BF21600A41438 /* Debug */,
				5A522F82284BF21600A41438 /* Release */,
			);
			defaultConfigurationIsVisible = 0;
			defaultConfigurationName = Release;
		};
/* End XCConfigurationList section */
	};
	rootObject = 5A522F70284BF21600A41438 /* Project object */;
}
